
Microsoft Visual Studio Solution File, Format Version 12.00
# Visual Studio Version 17
VisualStudioVersion = 17.0.31903.59
MinimumVisualStudioVersion = 10.0.40219.1
Project("{2150E333-8FDC-42A3-9474-1A3956D46DE8}") = "src", "src", "{827E0CD3-B72D-47B6-A68D-7590B98EB39B}"
EndProject
Project("{2150E333-8FDC-42A3-9474-1A3956D46DE8}") = "Services", "Services", "{984BB9B3-3FA3-BE33-9484-CAC21695A33C}"
EndProject
Project("{FAE04EC0-301F-11D3-BF4B-00C04F79EFBC}") = "AI-Advisor.API", "src\Services\AI-Advisor.API\AI-Advisor.API.csproj", "{C09DE5C0-5E55-4AAF-8CE4-90CE633A741B}"
EndProject
Project("{FAE04EC0-301F-11D3-BF4B-00C04F79EFBC}") = "Notifications.API", "src\Services\Notifications.API\Notifications.API.csproj", "{23837089-3A2F-485B-B668-840B3CCBD4DA}"
EndProject
Project("{FAE04EC0-301F-11D3-BF4B-00C04F79EFBC}") = "Analytics.API", "src\Services\Analytics.API\Analytics.API.csproj", "{F35D7853-A49B-4086-B092-411DBB08EDD5}"
EndProject
Project("{FAE04EC0-301F-11D3-BF4B-00C04F79EFBC}") = "Transactions.API", "src\Services\Transactions.API\Transactions.API.csproj", "{2ACA43FE-302B-4E6F-82FF-A1F989C38341}"
EndProject
Project("{2150E333-8FDC-42A3-9474-1A3956D46DE8}") = "tests", "tests", "{0AB3BF05-4346-4AA6-1389-037BE0695223}"
EndProject
Project("{FAE04EC0-301F-11D3-BF4B-00C04F79EFBC}") = "IntegrationTests", "tests\IntegrationTests\IntegrationTests.csproj", "{A9AFE4A3-3129-48EA-ACE9-B398787855B3}"
EndProject
Project("{FAE04EC0-301F-11D3-BF4B-00C04F79EFBC}") = "LoadTests", "tests\LoadTests\LoadTests.csproj", "{50F35936-CE65-4E6A-B207-25F7FAD611BA}"
EndProject
Project("{FAE04EC0-301F-11D3-BF4B-00C04F79EFBC}") = "UnitTests", "tests\UnitTests\UnitTests.csproj", "{0659EFE7-4716-496F-8F48-F1C421BA3069}"
EndProject
Global
	GlobalSection(SolutionConfigurationPlatforms) = preSolution
		Debug|Any CPU = Debug|Any CPU
		Debug|x64 = Debug|x64
		Debug|x86 = Debug|x86
		Release|Any CPU = Release|Any CPU
		Release|x64 = Release|x64
		Release|x86 = Release|x86
	EndGlobalSection
	GlobalSection(ProjectConfigurationPlatforms) = postSolution
		{C09DE5C0-5E55-4AAF-8CE4-90CE633A741B}.Debug|Any CPU.ActiveCfg = Debug|Any CPU
		{C09DE5C0-5E55-4AAF-8CE4-90CE633A741B}.Debug|Any CPU.Build.0 = Debug|Any CPU
		{C09DE5C0-5E55-4AAF-8CE4-90CE633A741B}.Debug|x64.ActiveCfg = Debug|Any CPU
		{C09DE5C0-5E55-4AAF-8CE4-90CE633A741B}.Debug|x64.Build.0 = Debug|Any CPU
		{C09DE5C0-5E55-4AAF-8CE4-90CE633A741B}.Debug|x86.ActiveCfg = Debug|Any CPU
		{C09DE5C0-5E55-4AAF-8CE4-90CE633A741B}.Debug|x86.Build.0 = Debug|Any CPU
		{C09DE5C0-5E55-4AAF-8CE4-90CE633A741B}.Release|Any CPU.ActiveCfg = Release|Any CPU
		{C09DE5C0-5E55-4AAF-8CE4-90CE633A741B}.Release|Any CPU.Build.0 = Release|Any CPU
		{C09DE5C0-5E55-4AAF-8CE4-90CE633A741B}.Release|x64.ActiveCfg = Release|Any CPU
		{C09DE5C0-5E55-4AAF-8CE4-90CE633A741B}.Release|x64.Build.0 = Release|Any CPU
		{C09DE5C0-5E55-4AAF-8CE4-90CE633A741B}.Release|x86.ActiveCfg = Release|Any CPU
		{C09DE5C0-5E55-4AAF-8CE4-90CE633A741B}.Release|x86.Build.0 = Release|Any CPU
		{23837089-3A2F-485B-B668-840B3CCBD4DA}.Debug|Any CPU.ActiveCfg = Debug|Any CPU
		{23837089-3A2F-485B-B668-840B3CCBD4DA}.Debug|Any CPU.Build.0 = Debug|Any CPU
		{23837089-3A2F-485B-B668-840B3CCBD4DA}.Debug|x64.ActiveCfg = Debug|Any CPU
		{23837089-3A2F-485B-B668-840B3CCBD4DA}.Debug|x64.Build.0 = Debug|Any CPU
		{23837089-3A2F-485B-B668-840B3CCBD4DA}.Debug|x86.ActiveCfg = Debug|Any CPU
		{23837089-3A2F-485B-B668-840B3CCBD4DA}.Debug|x86.Build.0 = Debug|Any CPU
		{23837089-3A2F-485B-B668-840B3CCBD4DA}.Release|Any CPU.ActiveCfg = Release|Any CPU
		{23837089-3A2F-485B-B668-840B3CCBD4DA}.Release|Any CPU.Build.0 = Release|Any CPU
		{23837089-3A2F-485B-B668-840B3CCBD4DA}.Release|x64.ActiveCfg = Release|Any CPU
		{23837089-3A2F-485B-B668-840B3CCBD4DA}.Release|x64.Build.0 = Release|Any CPU
		{23837089-3A2F-485B-B668-840B3CCBD4DA}.Release|x86.ActiveCfg = Release|Any CPU
		{23837089-3A2F-485B-B668-840B3CCBD4DA}.Release|x86.Build.0 = Release|Any CPU
		{F35D7853-A49B-4086-B092-411DBB08EDD5}.Debug|Any CPU.ActiveCfg = Debug|Any CPU
		{F35D7853-A49B-4086-B092-411DBB08EDD5}.Debug|Any CPU.Build.0 = Debug|Any CPU
		{F35D7853-A49B-4086-B092-411DBB08EDD5}.Debug|x64.ActiveCfg = Debug|Any CPU
		{F35D7853-A49B-4086-B092-411DBB08EDD5}.Debug|x64.Build.0 = Debug|Any CPU
		{F35D7853-A49B-4086-B092-411DBB08EDD5}.Debug|x86.ActiveCfg = Debug|Any CPU
		{F35D7853-A49B-4086-B092-411DBB08EDD5}.Debug|x86.Build.0 = Debug|Any CPU
		{F35D7853-A49B-4086-B092-411DBB08EDD5}.Release|Any CPU.ActiveCfg = Release|Any CPU
		{F35D7853-A49B-4086-B092-411DBB08EDD5}.Release|Any CPU.Build.0 = Release|Any CPU
		{F35D7853-A49B-4086-B092-411DBB08EDD5}.Release|x64.ActiveCfg = Release|Any CPU
		{F35D7853-A49B-4086-B092-411DBB08EDD5}.Release|x64.Build.0 = Release|Any CPU
		{F35D7853-A49B-4086-B092-411DBB08EDD5}.Release|x86.ActiveCfg = Release|Any CPU
		{F35D7853-A49B-4086-B092-411DBB08EDD5}.Release|x86.Build.0 = Release|Any CPU
		{2ACA43FE-302B-4E6F-82FF-A1F989C38341}.Debug|Any CPU.ActiveCfg = Debug|Any CPU
		{2ACA43FE-302B-4E6F-82FF-A1F989C38341}.Debug|Any CPU.Build.0 = Debug|Any CPU
		{2ACA43FE-302B-4E6F-82FF-A1F989C38341}.Debug|x64.ActiveCfg = Debug|Any CPU
		{2ACA43FE-302B-4E6F-82FF-A1F989C38341}.Debug|x64.Build.0 = Debug|Any CPU
		{2ACA43FE-302B-4E6F-82FF-A1F989C38341}.Debug|x86.ActiveCfg = Debug|Any CPU
		{2ACA43FE-302B-4E6F-82FF-A1F989C38341}.Debug|x86.Build.0 = Debug|Any CPU
		{2ACA43FE-302B-4E6F-82FF-A1F989C38341}.Release|Any CPU.ActiveCfg = Release|Any CPU
		{2ACA43FE-302B-4E6F-82FF-A1F989C38341}.Release|Any CPU.Build.0 = Release|Any CPU
		{2ACA43FE-302B-4E6F-82FF-A1F989C38341}.Release|x64.ActiveCfg = Release|Any CPU
		{2ACA43FE-302B-4E6F-82FF-A1F989C38341}.Release|x64.Build.0 = Release|Any CPU
		{2ACA43FE-302B-4E6F-82FF-A1F989C38341}.Release|x86.ActiveCfg = Release|Any CPU
		{2ACA43FE-302B-4E6F-82FF-A1F989C38341}.Release|x86.Build.0 = Release|Any CPU
		{A9AFE4A3-3129-48EA-ACE9-B398787855B3}.Debug|Any CPU.ActiveCfg = Debug|Any CPU
		{A9AFE4A3-3129-48EA-ACE9-B398787855B3}.Debug|Any CPU.Build.0 = Debug|Any CPU
		{A9AFE4A3-3129-48EA-ACE9-B398787855B3}.Debug|x64.ActiveCfg = Debug|Any CPU
		{A9AFE4A3-3129-48EA-ACE9-B398787855B3}.Debug|x64.Build.0 = Debug|Any CPU
		{A9AFE4A3-3129-48EA-ACE9-B398787855B3}.Debug|x86.ActiveCfg = Debug|Any CPU
		{A9AFE4A3-3129-48EA-ACE9-B398787855B3}.Debug|x86.Build.0 = Debug|Any CPU
		{A9AFE4A3-3129-48EA-ACE9-B398787855B3}.Release|Any CPU.ActiveCfg = Release|Any CPU
		{A9AFE4A3-3129-48EA-ACE9-B398787855B3}.Release|Any CPU.Build.0 = Release|Any CPU
		{A9AFE4A3-3129-48EA-ACE9-B398787855B3}.Release|x64.ActiveCfg = Release|Any CPU
		{A9AFE4A3-3129-48EA-ACE9-B398787855B3}.Release|x64.Build.0 = Release|Any CPU
		{A9AFE4A3-3129-48EA-ACE9-B398787855B3}.Release|x86.ActiveCfg = Release|Any CPU
		{A9AFE4A3-3129-48EA-ACE9-B398787855B3}.Release|x86.Build.0 = Release|Any CPU
		{50F35936-CE65-4E6A-B207-25F7FAD611BA}.Debug|Any CPU.ActiveCfg = Debug|Any CPU
		{50F35936-CE65-4E6A-B207-25F7FAD611BA}.Debug|Any CPU.Build.0 = Debug|Any CPU
		{50F35936-CE65-4E6A-B207-25F7FAD611BA}.Debug|x64.ActiveCfg = Debug|Any CPU
		{50F35936-CE65-4E6A-B207-25F7FAD611BA}.Debug|x64.Build.0 = Debug|Any CPU
		{50F35936-CE65-4E6A-B207-25F7FAD611BA}.Debug|x86.ActiveCfg = Debug|Any CPU
		{50F35936-CE65-4E6A-B207-25F7FAD611BA}.Debug|x86.Build.0 = Debug|Any CPU
		{50F35936-CE65-4E6A-B207-25F7FAD611BA}.Release|Any CPU.ActiveCfg = Release|Any CPU
		{50F35936-CE65-4E6A-B207-25F7FAD611BA}.Release|Any CPU.Build.0 = Release|Any CPU
		{50F35936-CE65-4E6A-B207-25F7FAD611BA}.Release|x64.ActiveCfg = Release|Any CPU
		{50F35936-CE65-4E6A-B207-25F7FAD611BA}.Release|x64.Build.0 = Release|Any CPU
		{50F35936-CE65-4E6A-B207-25F7FAD611BA}.Release|x86.ActiveCfg = Release|Any CPU
		{50F35936-CE65-4E6A-B207-25F7FAD611BA}.Release|x86.Build.0 = Release|Any CPU
		{0659EFE7-4716-496F-8F48-F1C421BA3069}.Debug|Any CPU.ActiveCfg = Debug|Any CPU
		{0659EFE7-4716-496F-8F48-F1C421BA3069}.Debug|Any CPU.Build.0 = Debug|Any CPU
		{0659EFE7-4716-496F-8F48-F1C421BA3069}.Debug|x64.ActiveCfg = Debug|Any CPU
		{0659EFE7-4716-496F-8F48-F1C421BA3069}.Debug|x64.Build.0 = Debug|Any CPU
		{0659EFE7-4716-496F-8F48-F1C421BA3069}.Debug|x86.ActiveCfg = Debug|Any CPU
		{0659EFE7-4716-496F-8F48-F1C421BA3069}.Debug|x86.Build.0 = Debug|Any CPU
		{0659EFE7-4716-496F-8F48-F1C421BA3069}.Release|Any CPU.ActiveCfg = Release|Any CPU
		{0659EFE7-4716-496F-8F48-F1C421BA3069}.Release|Any CPU.Build.0 = Release|Any CPU
		{0659EFE7-4716-496F-8F48-F1C421BA3069}.Release|x64.ActiveCfg = Release|Any CPU
		{0659EFE7-4716-496F-8F48-F1C421BA3069}.Release|x64.Build.0 = Release|Any CPU
		{0659EFE7-4716-496F-8F48-F1C421BA3069}.Release|x86.ActiveCfg = Release|Any CPU
		{0659EFE7-4716-496F-8F48-F1C421BA3069}.Release|x86.Build.0 = Release|Any CPU
	EndGlobalSection
	GlobalSection(SolutionProperties) = preSolution
		HideSolutionNode = FALSE
	EndGlobalSection
	GlobalSection(NestedProjects) = preSolution
		{984BB9B3-3FA3-BE33-9484-CAC21695A33C} = {827E0CD3-B72D-47B6-A68D-7590B98EB39B}
		{C09DE5C0-5E55-4AAF-8CE4-90CE633A741B} = {984BB9B3-3FA3-BE33-9484-CAC21695A33C}
		{23837089-3A2F-485B-B668-840B3CCBD4DA} = {984BB9B3-3FA3-BE33-9484-CAC21695A33C}
		{F35D7853-A49B-4086-B092-411DBB08EDD5} = {984BB9B3-3FA3-BE33-9484-CAC21695A33C}
		{2ACA43FE-302B-4E6F-82FF-A1F989C38341} = {984BB9B3-3FA3-BE33-9484-CAC21695A33C}
		{A9AFE4A3-3129-48EA-ACE9-B398787855B3} = {0AB3BF05-4346-4AA6-1389-037BE0695223}
		{50F35936-CE65-4E6A-B207-25F7FAD611BA} = {0AB3BF05-4346-4AA6-1389-037BE0695223}
		{0659EFE7-4716-496F-8F48-F1C421BA3069} = {0AB3BF05-4346-4AA6-1389-037BE0695223}
	EndGlobalSection
EndGlobal
